
Microsoft Visual Studio Solution File, Format Version 12.00
# Visual Studio Version 16
VisualStudioVersion = 16.0.33423.256
MinimumVisualStudioVersion = 10.0.40219.1
Project("{FAE04EC0-301F-11D3-BF4B-00C04F79EFBC}") = "task2", "task2.csproj", "{7D9E2FD6-7A8E-41E8-8AE5-583015BA8AA9}"
EndProject
Global
	GlobalSection(SolutionConfigurationPlatforms) = preSolution
		Debug|Any CPU = Debug|Any CPU
		Release|Any CPU = Release|Any CPU
	EndGlobalSection
	GlobalSection(ProjectConfigurationPlatforms) = postSolution
		{7D9E2FD6-7A8E-41E8-8AE5-583015BA8AA9}.Debug|Any CPU.ActiveCfg = Debug|Any CPU
		{7D9E2FD6-7A8E-41E8-8AE5-583015BA8AA9}.Debug|Any CPU.Build.0 = Debug|Any CPU
		{7D9E2FD6-7A8E-41E8-8AE5-583015BA8AA9}.Release|Any CPU.ActiveCfg = Release|Any CPU
		{7D9E2FD6-7A8E-41E8-8AE5-583015BA8AA9}.Release|Any CPU.Build.0 = Release|Any CPU
	EndGlobalSection
	GlobalSection(SolutionProperties) = preSolution
		HideSolutionNode = FALSE
	EndGlobalSection
	GlobalSection(ExtensibilityGlobals) = postSolution
		SolutionGuid = {8176A819-5EA4-45CC-974A-CFFB8460064F}
	EndGlobalSection
EndGlobal
